{
    "name": "Rysearch",
    "version": "0.0.1",
    "lockfileVersion": 1,
    "requires": true,
    "dependencies": {
        "accepts": {
            "version": "1.3.5",
            "resolved": "https://registry.npmjs.org/accepts/-/accepts-1.3.5.tgz",
            "integrity": "sha1-63d99gEXI6OxTopywIBcjoZ0a9I=",
            "requires": {
                "mime-types": "~2.1.18",
                "negotiator": "0.6.1"
            }
        },
        "ansi-regex": {
            "version": "2.1.1",
            "resolved": "https://registry.npmjs.org/ansi-regex/-/ansi-regex-2.1.1.tgz",
            "integrity": "sha1-w7M6te42DYbg5ijwRorn7yfWVN8="
        },
        "append-field": {
            "version": "1.0.0",
            "resolved": "https://registry.npmjs.org/append-field/-/append-field-1.0.0.tgz",
            "integrity": "sha1-HjRA6RXwsSA9I3SOeO3XubW0PlY="
        },
        "aproba": {
            "version": "1.2.0",
            "resolved": "https://registry.npmjs.org/aproba/-/aproba-1.2.0.tgz",
            "integrity": "sha1-aALmJk79GMeQobDVF/DyYnvyyUo="
        },
        "are-we-there-yet": {
            "version": "1.1.5",
            "resolved": "https://registry.npmjs.org/are-we-there-yet/-/are-we-there-yet-1.1.5.tgz",
            "integrity": "sha1-SzXClE8GKov82mZBB2A1D+nd/CE=",
            "requires": {
                "delegates": "^1.0.0",
                "readable-stream": "^2.0.6"
            },
            "dependencies": {
                "isarray": {
                    "version": "1.0.0",
                    "resolved": "https://registry.npmjs.org/isarray/-/isarray-1.0.0.tgz",
                    "integrity": "sha1-u5NdSFgsuhaMBoNJV6VKPgcSTxE="
                },
                "readable-stream": {
                    "version": "2.3.6",
                    "resolved": "https://registry.npmjs.org/readable-stream/-/readable-stream-2.3.6.tgz",
                    "integrity": "sha1-sRwn2IuP8fvgcGQ8+UsMea4bCq8=",
                    "requires": {
                        "core-util-is": "~1.0.0",
                        "inherits": "~2.0.3",
                        "isarray": "~1.0.0",
                        "process-nextick-args": "~2.0.0",
                        "safe-buffer": "~5.1.1",
                        "string_decoder": "~1.1.1",
                        "util-deprecate": "~1.0.1"
                    }
                },
                "string_decoder": {
                    "version": "1.1.1",
                    "resolved": "https://registry.npmjs.org/string_decoder/-/string_decoder-1.1.1.tgz",
                    "integrity": "sha1-nPFhG6YmhdcDCunkujQUnDrwP8g=",
                    "requires": {
                        "safe-buffer": "~5.1.0"
                    }
                }
            }
        },
        "array-flatten": {
            "version": "1.1.1",
            "resolved": "https://registry.npmjs.org/array-flatten/-/array-flatten-1.1.1.tgz",
            "integrity": "sha1-ml9pkFGx5wczKPKgCJaLZOopVdI="
        },
        "bl": {
            "version": "1.2.2",
            "resolved": "https://registry.npmjs.org/bl/-/bl-1.2.2.tgz",
            "integrity": "sha1-oWCRFxcQPAdBDO9j71Gzl8Alr5w=",
            "requires": {
                "readable-stream": "^2.3.5",
                "safe-buffer": "^5.1.1"
            },
            "dependencies": {
                "isarray": {
                    "version": "1.0.0",
                    "resolved": "https://registry.npmjs.org/isarray/-/isarray-1.0.0.tgz",
                    "integrity": "sha1-u5NdSFgsuhaMBoNJV6VKPgcSTxE="
                },
                "readable-stream": {
                    "version": "2.3.6",
                    "resolved": "https://registry.npmjs.org/readable-stream/-/readable-stream-2.3.6.tgz",
                    "integrity": "sha1-sRwn2IuP8fvgcGQ8+UsMea4bCq8=",
                    "requires": {
                        "core-util-is": "~1.0.0",
                        "inherits": "~2.0.3",
                        "isarray": "~1.0.0",
                        "process-nextick-args": "~2.0.0",
                        "safe-buffer": "~5.1.1",
                        "string_decoder": "~1.1.1",
                        "util-deprecate": "~1.0.1"
                    }
                },
                "string_decoder": {
                    "version": "1.1.1",
                    "resolved": "https://registry.npmjs.org/string_decoder/-/string_decoder-1.1.1.tgz",
                    "integrity": "sha1-nPFhG6YmhdcDCunkujQUnDrwP8g=",
                    "requires": {
                        "safe-buffer": "~5.1.0"
                    }
                }
            }
        },
        "body-parser": {
            "version": "1.18.3",
            "resolved": "https://registry.npmjs.org/body-parser/-/body-parser-1.18.3.tgz",
            "integrity": "sha1-WykhmP/dVTs6DyDe0FkrlWlVyLQ=",
            "requires": {
                "bytes": "3.0.0",
                "content-type": "~1.0.4",
                "debug": "2.6.9",
                "depd": "~1.1.2",
                "http-errors": "~1.6.3",
                "iconv-lite": "0.4.23",
                "on-finished": "~2.3.0",
                "qs": "6.5.2",
                "raw-body": "2.3.3",
                "type-is": "~1.6.16"
            }
        },
        "buffer-alloc": {
            "version": "1.2.0",
            "resolved": "https://registry.npmjs.org/buffer-alloc/-/buffer-alloc-1.2.0.tgz",
            "integrity": "sha1-iQ3ZDZI6hz4I4Q5f1RpX5bfM4Ow=",
            "requires": {
                "buffer-alloc-unsafe": "^1.1.0",
                "buffer-fill": "^1.0.0"
            }
        },
        "buffer-alloc-unsafe": {
            "version": "1.1.0",
            "resolved": "https://registry.npmjs.org/buffer-alloc-unsafe/-/buffer-alloc-unsafe-1.1.0.tgz",
            "integrity": "sha1-vX3CauKXLQ7aJTvgYdupkjScGfA="
        },
        "buffer-fill": {
            "version": "1.0.0",
            "resolved": "https://registry.npmjs.org/buffer-fill/-/buffer-fill-1.0.0.tgz",
            "integrity": "sha1-+PeLdniYiO858gXNY39o5wISKyw="
        },
        "buffer-from": {
            "version": "1.1.1",
            "resolved": "https://registry.npmjs.org/buffer-from/-/buffer-from-1.1.1.tgz",
            "integrity": "sha1-MnE7wCj3XAL9txDXx7zsHyxgcO8="
        },
        "busboy": {
            "version": "0.2.14",
            "resolved": "https://registry.npmjs.org/busboy/-/busboy-0.2.14.tgz",
            "integrity": "sha1-bCpiLvz0fFe7vh4qnDetNseSVFM=",
            "requires": {
                "dicer": "0.2.5",
                "readable-stream": "1.1.x"
            }
        },
        "bytes": {
            "version": "3.0.0",
            "resolved": "https://registry.npmjs.org/bytes/-/bytes-3.0.0.tgz",
            "integrity": "sha1-0ygVQE1olpn4Wk6k+odV3ROpYEg="
        },
        "chownr": {
            "version": "1.1.1",
            "resolved": "https://registry.npmjs.org/chownr/-/chownr-1.1.1.tgz",
            "integrity": "sha1-VHJri4//TfBTxCGH6AH7RBLfFJQ="
        },
        "code-point-at": {
            "version": "1.1.0",
            "resolved": "https://registry.npmjs.org/code-point-at/-/code-point-at-1.1.0.tgz",
            "integrity": "sha1-DQcLTQQ6W+ozovGkDi7bPZpMz3c="
        },
        "concat-stream": {
            "version": "1.6.2",
            "resolved": "https://registry.npmjs.org/concat-stream/-/concat-stream-1.6.2.tgz",
            "integrity": "sha1-kEvfGUzTEi/Gdcd/xKw9T/D9GjQ=",
            "requires": {
                "buffer-from": "^1.0.0",
                "inherits": "^2.0.3",
                "readable-stream": "^2.2.2",
                "typedarray": "^0.0.6"
            },
            "dependencies": {
                "isarray": {
                    "version": "1.0.0",
                    "resolved": "https://registry.npmjs.org/isarray/-/isarray-1.0.0.tgz",
                    "integrity": "sha1-u5NdSFgsuhaMBoNJV6VKPgcSTxE="
                },
                "readable-stream": {
                    "version": "2.3.6",
                    "resolved": "https://registry.npmjs.org/readable-stream/-/readable-stream-2.3.6.tgz",
                    "integrity": "sha1-sRwn2IuP8fvgcGQ8+UsMea4bCq8=",
                    "requires": {
                        "core-util-is": "~1.0.0",
                        "inherits": "~2.0.3",
                        "isarray": "~1.0.0",
                        "process-nextick-args": "~2.0.0",
                        "safe-buffer": "~5.1.1",
                        "string_decoder": "~1.1.1",
                        "util-deprecate": "~1.0.1"
                    }
                },
                "string_decoder": {
                    "version": "1.1.1",
                    "resolved": "https://registry.npmjs.org/string_decoder/-/string_decoder-1.1.1.tgz",
                    "integrity": "sha1-nPFhG6YmhdcDCunkujQUnDrwP8g=",
                    "requires": {
                        "safe-buffer": "~5.1.0"
                    }
                }
            }
        },
        "console-control-strings": {
            "version": "1.1.0",
            "resolved": "https://registry.npmjs.org/console-control-strings/-/console-control-strings-1.1.0.tgz",
            "integrity": "sha1-PXz0Rk22RG6mRL9LOVB/mFEAjo4="
        },
        "content-disposition": {
            "version": "0.5.2",
            "resolved": "https://registry.npmjs.org/content-disposition/-/content-disposition-0.5.2.tgz",
            "integrity": "sha1-DPaLud318r55YcOoUXjLhdunjLQ="
        },
        "content-type": {
            "version": "1.0.4",
            "resolved": "https://registry.npmjs.org/content-type/-/content-type-1.0.4.tgz",
            "integrity": "sha1-4TjMdeBAxyexlm/l5fjJruJW/js="
        },
        "cookie": {
            "version": "0.3.1",
            "resolved": "https://registry.npmjs.org/cookie/-/cookie-0.3.1.tgz",
            "integrity": "sha1-5+Ch+e9DtMi6klxcWpboBtFoc7s="
        },
        "cookie-signature": {
            "version": "1.0.6",
            "resolved": "https://registry.npmjs.org/cookie-signature/-/cookie-signature-1.0.6.tgz",
            "integrity": "sha1-4wOogrNCzD7oylE6eZmXNNqzriw="
        },
        "core-util-is": {
            "version": "1.0.2",
            "resolved": "https://registry.npmjs.org/core-util-is/-/core-util-is-1.0.2.tgz",
            "integrity": "sha1-tf1UIgqivFq1eqtxQMlAdUUDwac="
        },
        "debug": {
            "version": "2.6.9",
            "resolved": "https://registry.npmjs.org/debug/-/debug-2.6.9.tgz",
            "integrity": "sha1-XRKFFd8TT/Mn6QpMk/Tgd6U2NB8=",
            "requires": {
                "ms": "2.0.0"
            }
        },
        "decompress-response": {
            "version": "3.3.0",
            "resolved": "https://registry.npmjs.org/decompress-response/-/decompress-response-3.3.0.tgz",
            "integrity": "sha1-gKTdMjdIOEv6JICDYirt7Jgq3/M=",
            "requires": {
                "mimic-response": "^1.0.0"
            }
        },
        "deep-extend": {
            "version": "0.6.0",
            "resolved": "https://registry.npmjs.org/deep-extend/-/deep-extend-0.6.0.tgz",
            "integrity": "sha1-xPp8lUBKF6nD6Mp+FTcxK3NjMKw="
        },
        "delegates": {
            "version": "1.0.0",
            "resolved": "https://registry.npmjs.org/delegates/-/delegates-1.0.0.tgz",
            "integrity": "sha1-hMbhWbgZBP3KWaDvRM2HDTElD5o="
        },
        "depd": {
            "version": "1.1.2",
            "resolved": "https://registry.npmjs.org/depd/-/depd-1.1.2.tgz",
            "integrity": "sha1-m81S4UwJd2PnSbJ0xDRu0uVgtak="
        },
        "destroy": {
            "version": "1.0.4",
            "resolved": "https://registry.npmjs.org/destroy/-/destroy-1.0.4.tgz",
            "integrity": "sha1-l4hXRCxEdJ5CBmE+N5RiBYJqvYA="
        },
        "detect-libc": {
            "version": "1.0.3",
            "resolved": "https://registry.npmjs.org/detect-libc/-/detect-libc-1.0.3.tgz",
            "integrity": "sha1-+hN8S9aY7fVc1c0CrFWfkaTEups="
        },
        "dicer": {
            "version": "0.2.5",
            "resolved": "https://registry.npmjs.org/dicer/-/dicer-0.2.5.tgz",
            "integrity": "sha1-WZbAhrszIYyBLAkL3cCc0S+stw8=",
            "requires": {
                "readable-stream": "1.1.x",
                "streamsearch": "0.1.2"
            }
        },
        "ee-first": {
            "version": "1.1.1",
            "resolved": "https://registry.npmjs.org/ee-first/-/ee-first-1.1.1.tgz",
            "integrity": "sha1-WQxhFWsK4vTwJVcyoViyZrxWsh0="
        },
        "encodeurl": {
            "version": "1.0.2",
            "resolved": "https://registry.npmjs.org/encodeurl/-/encodeurl-1.0.2.tgz",
            "integrity": "sha1-rT/0yG7C0CkyL1oCw6mmBslbP1k="
        },
        "end-of-stream": {
            "version": "1.4.1",
            "resolved": "https://registry.npmjs.org/end-of-stream/-/end-of-stream-1.4.1.tgz",
            "integrity": "sha1-7SljTRm6ukY7bOa4CjchPqtx7EM=",
            "requires": {
                "once": "^1.4.0"
            }
        },
        "escape-html": {
            "version": "1.0.3",
            "resolved": "https://registry.npmjs.org/escape-html/-/escape-html-1.0.3.tgz",
            "integrity": "sha1-Aljq5NPQwJdN4cFpGI7wBR0dGYg="
        },
        "etag": {
            "version": "1.8.1",
            "resolved": "https://registry.npmjs.org/etag/-/etag-1.8.1.tgz",
            "integrity": "sha1-Qa4u62XvpiJorr/qg6x9eSmbCIc="
        },
        "expand-template": {
            "version": "1.1.1",
            "resolved": "https://registry.npmjs.org/expand-template/-/expand-template-1.1.1.tgz",
            "integrity": "sha1-mB8YjAw6h9Lij1WbxUFCb/lPId0="
        },
        "express": {
            "version": "4.16.4",
            "resolved": "https://registry.npmjs.org/express/-/express-4.16.4.tgz",
            "integrity": "sha1-/d72GSYQniTFFeqX/S8b2/Yt8S4=",
            "requires": {
                "accepts": "~1.3.5",
                "array-flatten": "1.1.1",
                "body-parser": "1.18.3",
                "content-disposition": "0.5.2",
                "content-type": "~1.0.4",
                "cookie": "0.3.1",
                "cookie-signature": "1.0.6",
                "debug": "2.6.9",
                "depd": "~1.1.2",
                "encodeurl": "~1.0.2",
                "escape-html": "~1.0.3",
                "etag": "~1.8.1",
                "finalhandler": "1.1.1",
                "fresh": "0.5.2",
                "merge-descriptors": "1.0.1",
                "methods": "~1.1.2",
                "on-finished": "~2.3.0",
                "parseurl": "~1.3.2",
                "path-to-regexp": "0.1.7",
                "proxy-addr": "~2.0.4",
                "qs": "6.5.2",
                "range-parser": "~1.2.0",
                "safe-buffer": "5.1.2",
                "send": "0.16.2",
                "serve-static": "1.13.2",
                "setprototypeof": "1.1.0",
                "statuses": "~1.4.0",
                "type-is": "~1.6.16",
                "utils-merge": "1.0.1",
                "vary": "~1.1.2"
            },
            "dependencies": {
                "statuses": {
                    "version": "1.4.0",
                    "resolved": "https://registry.npmjs.org/statuses/-/statuses-1.4.0.tgz",
                    "integrity": "sha1-u3PURtonlhBu/MG2AaJT1sRr0Ic="
                }
            }
        },
        "finalhandler": {
            "version": "1.1.1",
            "resolved": "https://registry.npmjs.org/finalhandler/-/finalhandler-1.1.1.tgz",
            "integrity": "sha1-7r9O2EAHnIP0JJA4ydcDAIMBsQU=",
            "requires": {
                "debug": "2.6.9",
                "encodeurl": "~1.0.2",
                "escape-html": "~1.0.3",
                "on-finished": "~2.3.0",
                "parseurl": "~1.3.2",
                "statuses": "~1.4.0",
                "unpipe": "~1.0.0"
            },
            "dependencies": {
                "statuses": {
                    "version": "1.4.0",
                    "resolved": "https://registry.npmjs.org/statuses/-/statuses-1.4.0.tgz",
                    "integrity": "sha1-u3PURtonlhBu/MG2AaJT1sRr0Ic="
                }
            }
        },
        "forwarded": {
            "version": "0.1.2",
            "resolved": "https://registry.npmjs.org/forwarded/-/forwarded-0.1.2.tgz",
            "integrity": "sha1-mMI9qxF1ZXuMBXPozszZGw/xjIQ="
        },
        "fresh": {
            "version": "0.5.2",
            "resolved": "https://registry.npmjs.org/fresh/-/fresh-0.5.2.tgz",
            "integrity": "sha1-PYyt2Q2XZWn6g1qx+OSyOhBWBac="
        },
        "fs-constants": {
            "version": "1.0.0",
            "resolved": "https://registry.npmjs.org/fs-constants/-/fs-constants-1.0.0.tgz",
            "integrity": "sha1-a+Dem+mYzhavivwkSXue6bfM2a0="
        },
        "gauge": {
            "version": "2.7.4",
            "resolved": "https://registry.npmjs.org/gauge/-/gauge-2.7.4.tgz",
            "integrity": "sha1-LANAXHU4w51+s3sxcCLjJfsBi/c=",
            "requires": {
                "aproba": "^1.0.3",
                "console-control-strings": "^1.0.0",
                "has-unicode": "^2.0.0",
                "object-assign": "^4.1.0",
                "signal-exit": "^3.0.0",
                "string-width": "^1.0.1",
                "strip-ansi": "^3.0.1",
                "wide-align": "^1.1.0"
            }
        },
        "github-from-package": {
            "version": "0.0.0",
            "resolved": "https://registry.npmjs.org/github-from-package/-/github-from-package-0.0.0.tgz",
            "integrity": "sha1-l/tdlr/eiXMxPyDoKI75oWf6ZM4="
        },
        "has-unicode": {
            "version": "2.0.1",
            "resolved": "https://registry.npmjs.org/has-unicode/-/has-unicode-2.0.1.tgz",
            "integrity": "sha1-4Ob+aijPUROIVeCG0Wkedx3iqLk="
        },
        "http-errors": {
            "version": "1.6.3",
            "resolved": "https://registry.npmjs.org/http-errors/-/http-errors-1.6.3.tgz",
            "integrity": "sha1-i1VoC7S+KDoLW/TqLjhYC+HZMg0=",
            "requires": {
                "depd": "~1.1.2",
                "inherits": "2.0.3",
                "setprototypeof": "1.1.0",
                "statuses": ">= 1.4.0 < 2"
            }
        },
        "iconv-lite": {
            "version": "0.4.23",
            "resolved": "https://registry.npmjs.org/iconv-lite/-/iconv-lite-0.4.23.tgz",
            "integrity": "sha1-KXhx9jvlB63Pv8pxXQzQ7thOmmM=",
            "requires": {
                "safer-buffer": ">= 2.1.2 < 3"
            }
        },
        "inherits": {
            "version": "2.0.3",
            "resolved": "https://registry.npmjs.org/inherits/-/inherits-2.0.3.tgz",
            "integrity": "sha1-Yzwsg+PaQqUC9SRmAiSA9CCCYd4="
        },
        "ini": {
            "version": "1.3.5",
            "resolved": "https://registry.npmjs.org/ini/-/ini-1.3.5.tgz",
            "integrity": "sha1-7uJfVtscnsYIXgwid4CD9Zar+Sc="
        },
        "ipaddr.js": {
            "version": "1.8.0",
            "resolved": "https://registry.npmjs.org/ipaddr.js/-/ipaddr.js-1.8.0.tgz",
            "integrity": "sha1-6qM9bd16zo9/b+DJygRA5wZzix4="
        },
        "is-fullwidth-code-point": {
            "version": "1.0.0",
            "resolved": "https://registry.npmjs.org/is-fullwidth-code-point/-/is-fullwidth-code-point-1.0.0.tgz",
            "integrity": "sha1-754xOG8DGn8NZDr4L95QxFfvAMs=",
            "requires": {
                "number-is-nan": "^1.0.0"
            }
        },
        "isarray": {
            "version": "0.0.1",
            "resolved": "https://registry.npmjs.org/isarray/-/isarray-0.0.1.tgz",
            "integrity": "sha1-ihis/Kmo9Bd+Cav8YDiTmwXR7t8="
        },
        "media-typer": {
            "version": "0.3.0",
            "resolved": "https://registry.npmjs.org/media-typer/-/media-typer-0.3.0.tgz",
            "integrity": "sha1-hxDXrwqmJvj/+hzgAWhUUmMlV0g="
        },
        "merge-descriptors": {
            "version": "1.0.1",
            "resolved": "https://registry.npmjs.org/merge-descriptors/-/merge-descriptors-1.0.1.tgz",
            "integrity": "sha1-sAqqVW3YtEVoFQ7J0blT8/kMu2E="
        },
        "methods": {
            "version": "1.1.2",
            "resolved": "https://registry.npmjs.org/methods/-/methods-1.1.2.tgz",
            "integrity": "sha1-VSmk1nZUE07cxSZmVoNbD4Ua/O4="
        },
        "mime": {
            "version": "1.4.1",
            "resolved": "https://registry.npmjs.org/mime/-/mime-1.4.1.tgz",
            "integrity": "sha1-Eh+evEnjdm8xGnbh+hyAA8SwOqY="
        },
        "mime-db": {
            "version": "1.37.0",
            "resolved": "https://registry.npmjs.org/mime-db/-/mime-db-1.37.0.tgz",
            "integrity": "sha1-C2oM5v2+lXbiXx8tL96IMNwK0Ng="
        },
        "mime-types": {
            "version": "2.1.21",
            "resolved": "https://registry.npmjs.org/mime-types/-/mime-types-2.1.21.tgz",
            "integrity": "sha1-KJlaoey3cHQv5q5+WPkYHHRLP5Y=",
            "requires": {
                "mime-db": "~1.37.0"
            }
        },
        "mimic-response": {
            "version": "1.0.1",
            "resolved": "https://registry.npmjs.org/mimic-response/-/mimic-response-1.0.1.tgz",
            "integrity": "sha1-SSNTiHju9CBjy4o+OweYeBSHqxs="
        },
        "minimist": {
            "version": "0.0.8",
            "resolved": "https://registry.npmjs.org/minimist/-/minimist-0.0.8.tgz",
            "integrity": "sha1-hX/Kv8M5fSYluCKCYuhqp6ARsF0="
        },
        "mkdirp": {
            "version": "0.5.1",
            "resolved": "https://registry.npmjs.org/mkdirp/-/mkdirp-0.5.1.tgz",
            "integrity": "sha1-MAV0OOrGz3+MR2fzhkjWaX11yQM=",
            "requires": {
                "minimist": "0.0.8"
            }
        },
        "ms": {
            "version": "2.0.0",
            "resolved": "https://registry.npmjs.org/ms/-/ms-2.0.0.tgz",
            "integrity": "sha1-VgiurfwAvmwpAd9fmGF4jeDVl8g="
        },
        "multer": {
            "version": "1.4.1",
            "resolved": "https://registry.npmjs.org/multer/-/multer-1.4.1.tgz",
            "integrity": "sha1-JLEqQWoi/sKt6BBTkYS/E4cgFZ4=",
            "requires": {
                "append-field": "^1.0.0",
                "busboy": "^0.2.11",
                "concat-stream": "^1.5.2",
                "mkdirp": "^0.5.1",
                "object-assign": "^4.1.1",
                "on-finished": "^2.3.0",
                "type-is": "^1.6.4",
                "xtend": "^4.0.0"
            }
        },
        "nan": {
            "version": "2.12.1",
            "resolved": "https://registry.npmjs.org/nan/-/nan-2.12.1.tgz",
            "integrity": "sha1-exqhk+mqhgV+PHu9CsRI53CSVVI="
        },
        "napi-build-utils": {
            "version": "1.0.1",
            "resolved": "https://registry.npmjs.org/napi-build-utils/-/napi-build-utils-1.0.1.tgz",
            "integrity": "sha1-E4Gg+Sw51mvxmFLnhzQy/CEj5Qg="
        },
        "negotiator": {
            "version": "0.6.1",
            "resolved": "https://registry.npmjs.org/negotiator/-/negotiator-0.6.1.tgz",
            "integrity": "sha1-KzJxhOiZIQEXeyhWP7XnECrNDKk="
        },
        "node-abi": {
            "version": "2.5.1",
            "resolved": "https://registry.npmjs.org/node-abi/-/node-abi-2.5.1.tgz",
            "integrity": "sha1-uxcoj8Oy9o/qDtmJfGaXn9dU7Uc=",
            "requires": {
                "semver": "^5.4.1"
            }
        },
        "noop-logger": {
            "version": "0.1.1",
            "resolved": "https://registry.npmjs.org/noop-logger/-/noop-logger-0.1.1.tgz",
            "integrity": "sha1-lKKxYzxPExdVMAfYlm/Q6EG2pMI="
        },
        "npmlog": {
            "version": "4.1.2",
            "resolved": "https://registry.npmjs.org/npmlog/-/npmlog-4.1.2.tgz",
            "integrity": "sha1-CKfyqL9zRgR3mp76StXMcXq7lUs=",
            "requires": {
                "are-we-there-yet": "~1.1.2",
                "console-control-strings": "~1.1.0",
                "gauge": "~2.7.3",
                "set-blocking": "~2.0.0"
            }
        },
        "number-is-nan": {
            "version": "1.0.1",
            "resolved": "https://registry.npmjs.org/number-is-nan/-/number-is-nan-1.0.1.tgz",
            "integrity": "sha1-CXtgK1NCKlIsGvuHkDGDNpQaAR0="
        },
        "object-assign": {
            "version": "4.1.1",
            "resolved": "https://registry.npmjs.org/object-assign/-/object-assign-4.1.1.tgz",
            "integrity": "sha1-IQmtx5ZYh8/AXLvUQsrIv7s2CGM="
        },
        "on-finished": {
            "version": "2.3.0",
            "resolved": "https://registry.npmjs.org/on-finished/-/on-finished-2.3.0.tgz",
            "integrity": "sha1-IPEzZIGwg811M3mSoWlxqi2QaUc=",
            "requires": {
                "ee-first": "1.1.1"
            }
        },
        "once": {
            "version": "1.4.0",
            "resolved": "https://registry.npmjs.org/once/-/once-1.4.0.tgz",
            "integrity": "sha1-WDsap3WWHUsROsF9nFC6753Xa9E=",
            "requires": {
                "wrappy": "1"
            }
        },
        "os-homedir": {
            "version": "1.0.2",
            "resolved": "https://registry.npmjs.org/os-homedir/-/os-homedir-1.0.2.tgz",
            "integrity": "sha1-/7xJiDNuDoM94MFox+8VISGqf7M="
        },
        "parseurl": {
            "version": "1.3.2",
            "resolved": "https://registry.npmjs.org/parseurl/-/parseurl-1.3.2.tgz",
            "integrity": "sha1-/CidTtiZMRlGDBViUyYs3I3mW/M="
        },
        "path-to-regexp": {
            "version": "0.1.7",
            "resolved": "https://registry.npmjs.org/path-to-regexp/-/path-to-regexp-0.1.7.tgz",
            "integrity": "sha1-32BBeABfUi8V60SQ5yR6G/qmf4w="
        },
        "prebuild-install": {
            "version": "5.2.1",
            "resolved": "https://registry.npmjs.org/prebuild-install/-/prebuild-install-5.2.1.tgz",
            "integrity": "sha1-h7qM8XxlNgp17v6zUZ6Hlzv5eR0=",
            "requires": {
                "detect-libc": "^1.0.3",
                "expand-template": "^1.0.2",
                "github-from-package": "0.0.0",
                "minimist": "^1.2.0",
                "mkdirp": "^0.5.1",
                "napi-build-utils": "^1.0.1",
                "node-abi": "^2.2.0",
                "noop-logger": "^0.1.1",
                "npmlog": "^4.0.1",
                "os-homedir": "^1.0.1",
                "pump": "^2.0.1",
                "rc": "^1.2.7",
                "simple-get": "^2.7.0",
                "tar-fs": "^1.13.0",
                "tunnel-agent": "^0.6.0",
                "which-pm-runs": "^1.0.0"
            },
            "dependencies": {
                "minimist": {
                    "version": "1.2.0",
                    "resolved": "https://registry.npmjs.org/minimist/-/minimist-1.2.0.tgz",
                    "integrity": "sha1-o1AIsg9BOD7sH7kU9M1d95omQoQ="
                }
            }
        },
        "process-nextick-args": {
            "version": "2.0.0",
            "resolved": "https://registry.npmjs.org/process-nextick-args/-/process-nextick-args-2.0.0.tgz",
            "integrity": "sha1-o31zL0JxtKsa0HDTVQjoKQeI/6o="
        },
        "proxy-addr": {
            "version": "2.0.4",
            "resolved": "https://registry.npmjs.org/proxy-addr/-/proxy-addr-2.0.4.tgz",
            "integrity": "sha1-7PxzO/Iv+Mb0B/onUye5q2fki5M=",
            "requires": {
                "forwarded": "~0.1.2",
                "ipaddr.js": "1.8.0"
            }
        },
        "pump": {
            "version": "2.0.1",
            "resolved": "https://registry.npmjs.org/pump/-/pump-2.0.1.tgz",
            "integrity": "sha1-Ejma3W5M91Jtlzy8i1zi4pCLOQk=",
            "requires": {
                "end-of-stream": "^1.1.0",
                "once": "^1.3.1"
            }
        },
        "qs": {
            "version": "6.5.2",
            "resolved": "https://registry.npmjs.org/qs/-/qs-6.5.2.tgz",
            "integrity": "sha1-yzroBuh0BERYTvFUzo7pjUA/PjY="
        },
        "range-parser": {
            "version": "1.2.0",
            "resolved": "https://registry.npmjs.org/range-parser/-/range-parser-1.2.0.tgz",
            "integrity": "sha1-9JvmtIeJTdxA3MlKMi9hEJLgDV4="
        },
        "raw-body": {
            "version": "2.3.3",
            "resolved": "https://registry.npmjs.org/raw-body/-/raw-body-2.3.3.tgz",
            "integrity": "sha1-GzJOzmtXBuFThVvBFIxlu39uoMM=",
            "requires": {
                "bytes": "3.0.0",
                "http-errors": "1.6.3",
                "iconv-lite": "0.4.23",
                "unpipe": "1.0.0"
            }
        },
        "rc": {
            "version": "1.2.8",
            "resolved": "https://registry.npmjs.org/rc/-/rc-1.2.8.tgz",
            "integrity": "sha1-zZJL9SAKB1uDwYjNa54hG3/A0+0=",
            "requires": {
                "deep-extend": "^0.6.0",
                "ini": "~1.3.0",
                "minimist": "^1.2.0",
                "strip-json-comments": "~2.0.1"
            },
            "dependencies": {
                "minimist": {
                    "version": "1.2.0",
                    "resolved": "https://registry.npmjs.org/minimist/-/minimist-1.2.0.tgz",
                    "integrity": "sha1-o1AIsg9BOD7sH7kU9M1d95omQoQ="
                }
            }
        },
        "readable-stream": {
            "version": "1.1.14",
            "resolved": "https://registry.npmjs.org/readable-stream/-/readable-stream-1.1.14.tgz",
            "integrity": "sha1-fPTFTvZI44EwhMY23SB54WbAgdk=",
            "requires": {
                "core-util-is": "~1.0.0",
                "inherits": "~2.0.1",
                "isarray": "0.0.1",
                "string_decoder": "~0.10.x"
            }
        },
        "safe-buffer": {
            "version": "5.1.2",
            "resolved": "https://registry.npmjs.org/safe-buffer/-/safe-buffer-5.1.2.tgz",
            "integrity": "sha1-mR7GnSluAxN0fVm9/St0XDX4go0="
        },
        "safer-buffer": {
            "version": "2.1.2",
            "resolved": "https://registry.npmjs.org/safer-buffer/-/safer-buffer-2.1.2.tgz",
            "integrity": "sha1-RPoWGwGHuVSd2Eu5GAL5vYOFzWo="
        },
        "semver": {
            "version": "5.6.0",
            "resolved": "https://registry.npmjs.org/semver/-/semver-5.6.0.tgz",
            "integrity": "sha1-fnQlb7qknHWqfHogXMInmcrIAAQ="
        },
        "send": {
            "version": "0.16.2",
            "resolved": "https://registry.npmjs.org/send/-/send-0.16.2.tgz",
            "integrity": "sha1-bsyh4PjBVtFBWXVZhI32RzCmu8E=",
            "requires": {
                "debug": "2.6.9",
                "depd": "~1.1.2",
                "destroy": "~1.0.4",
                "encodeurl": "~1.0.2",
                "escape-html": "~1.0.3",
                "etag": "~1.8.1",
                "fresh": "0.5.2",
                "http-errors": "~1.6.2",
                "mime": "1.4.1",
                "ms": "2.0.0",
                "on-finished": "~2.3.0",
                "range-parser": "~1.2.0",
                "statuses": "~1.4.0"
            },
            "dependencies": {
                "statuses": {
                    "version": "1.4.0",
                    "resolved": "https://registry.npmjs.org/statuses/-/statuses-1.4.0.tgz",
                    "integrity": "sha1-u3PURtonlhBu/MG2AaJT1sRr0Ic="
                }
            }
        },
        "serve-static": {
            "version": "1.13.2",
            "resolved": "https://registry.npmjs.org/serve-static/-/serve-static-1.13.2.tgz",
            "integrity": "sha1-CV6Ecv1bRiN9tQzkhqQ/S4bGzsE=",
            "requires": {
                "encodeurl": "~1.0.2",
                "escape-html": "~1.0.3",
                "parseurl": "~1.3.2",
                "send": "0.16.2"
            }
        },
        "set-blocking": {
            "version": "2.0.0",
            "resolved": "https://registry.npmjs.org/set-blocking/-/set-blocking-2.0.0.tgz",
            "integrity": "sha1-BF+XgtARrppoA93TgrJDkrPYkPc="
        },
        "setprototypeof": {
            "version": "1.1.0",
            "resolved": "https://registry.npmjs.org/setprototypeof/-/setprototypeof-1.1.0.tgz",
            "integrity": "sha1-0L2FU2iHtv58DYGMuWLZ2RxU5lY="
        },
        "signal-exit": {
            "version": "3.0.2",
            "resolved": "https://registry.npmjs.org/signal-exit/-/signal-exit-3.0.2.tgz",
            "integrity": "sha1-tf3AjxKH6hF4Yo5BXiUTK3NkbG0="
        },
        "simple-concat": {
            "version": "1.0.0",
            "resolved": "https://registry.npmjs.org/simple-concat/-/simple-concat-1.0.0.tgz",
            "integrity": "sha1-c0TLuLbib7J9ZrL8hvn21Zl1IcY="
        },
        "simple-get": {
            "version": "2.8.1",
            "resolved": "https://registry.npmjs.org/simple-get/-/simple-get-2.8.1.tgz",
            "integrity": "sha1-DiLpHUV12HYgYgvJEwjVenf0S10=",
            "requires": {
                "decompress-response": "^3.3.0",
                "once": "^1.3.1",
                "simple-concat": "^1.0.0"
            }
        },
        "statuses": {
            "version": "1.5.0",
            "resolved": "https://registry.npmjs.org/statuses/-/statuses-1.5.0.tgz",
            "integrity": "sha1-Fhx9rBd2Wf2YEfQ3cfqZOBR4Yow="
        },
        "streamsearch": {
            "version": "0.1.2",
            "resolved": "https://registry.npmjs.org/streamsearch/-/streamsearch-0.1.2.tgz",
            "integrity": "sha1-gIudDlb8Jz2Am6VzOOkpkZoanxo="
        },
        "string-width": {
            "version": "1.0.2",
            "resolved": "https://registry.npmjs.org/string-width/-/string-width-1.0.2.tgz",
            "integrity": "sha1-EYvfW4zcUaKn5w0hHgfisLmxB9M=",
            "requires": {
                "code-point-at": "^1.0.0",
                "is-fullwidth-code-point": "^1.0.0",
                "strip-ansi": "^3.0.0"
            }
        },
        "string_decoder": {
            "version": "0.10.31",
            "resolved": "https://registry.npmjs.org/string_decoder/-/string_decoder-0.10.31.tgz",
            "integrity": "sha1-YuIDvEF2bGwoyfyEMB2rHFMQ+pQ="
        },
        "strip-ansi": {
            "version": "3.0.1",
            "resolved": "https://registry.npmjs.org/strip-ansi/-/strip-ansi-3.0.1.tgz",
            "integrity": "sha1-ajhfuIU9lS1f8F0Oiq+UJ43GPc8=",
            "requires": {
                "ansi-regex": "^2.0.0"
            }
        },
        "strip-json-comments": {
            "version": "2.0.1",
            "resolved": "https://registry.npmjs.org/strip-json-comments/-/strip-json-comments-2.0.1.tgz",
            "integrity": "sha1-PFMZQukIwml8DsNEhYwobHygpgo="
        },
        "tar-fs": {
            "version": "1.16.3",
            "resolved": "https://registry.npmjs.org/tar-fs/-/tar-fs-1.16.3.tgz",
            "integrity": "sha1-lmpiiEHaLEAQQGqCFny9Xgxy1Qk=",
            "requires": {
                "chownr": "^1.0.1",
                "mkdirp": "^0.5.1",
                "pump": "^1.0.0",
                "tar-stream": "^1.1.2"
            },
            "dependencies": {
                "pump": {
                    "version": "1.0.3",
                    "resolved": "https://registry.npmjs.org/pump/-/pump-1.0.3.tgz",
                    "integrity": "sha1-Xf6DEcM7v2/BgmH580cCxHwIqVQ=",
                    "requires": {
                        "end-of-stream": "^1.1.0",
                        "once": "^1.3.1"
                    }
                }
            }
        },
        "tar-stream": {
            "version": "1.6.2",
            "resolved": "https://registry.npmjs.org/tar-stream/-/tar-stream-1.6.2.tgz",
            "integrity": "sha1-jqVdqzeXIlPZqa+Q/c1VmuQ1xVU=",
            "requires": {
                "bl": "^1.0.0",
                "buffer-alloc": "^1.2.0",
                "end-of-stream": "^1.0.0",
                "fs-constants": "^1.0.0",
                "readable-stream": "^2.3.0",
                "to-buffer": "^1.1.1",
                "xtend": "^4.0.0"
            },
            "dependencies": {
                "isarray": {
                    "version": "1.0.0",
                    "resolved": "https://registry.npmjs.org/isarray/-/isarray-1.0.0.tgz",
                    "integrity": "sha1-u5NdSFgsuhaMBoNJV6VKPgcSTxE="
                },
                "readable-stream": {
                    "version": "2.3.6",
                    "resolved": "https://registry.npmjs.org/readable-stream/-/readable-stream-2.3.6.tgz",
                    "integrity": "sha1-sRwn2IuP8fvgcGQ8+UsMea4bCq8=",
                    "requires": {
                        "core-util-is": "~1.0.0",
                        "inherits": "~2.0.3",
                        "isarray": "~1.0.0",
                        "process-nextick-args": "~2.0.0",
                        "safe-buffer": "~5.1.1",
                        "string_decoder": "~1.1.1",
                        "util-deprecate": "~1.0.1"
                    }
                },
                "string_decoder": {
                    "version": "1.1.1",
                    "resolved": "https://registry.npmjs.org/string_decoder/-/string_decoder-1.1.1.tgz",
                    "integrity": "sha1-nPFhG6YmhdcDCunkujQUnDrwP8g=",
                    "requires": {
                        "safe-buffer": "~5.1.0"
                    }
                }
            }
        },
        "to-buffer": {
            "version": "1.1.1",
            "resolved": "https://registry.npmjs.org/to-buffer/-/to-buffer-1.1.1.tgz",
            "integrity": "sha1-STvUj2LXxD/N7TE6A9ytsuEhOoA="
        },
        "tunnel-agent": {
            "version": "0.6.0",
            "resolved": "https://registry.npmjs.org/tunnel-agent/-/tunnel-agent-0.6.0.tgz",
            "integrity": "sha1-J6XeoGs2sEoKmWZ3SykIaPD8QP0=",
            "requires": {
                "safe-buffer": "^5.0.1"
            }
        },
        "type-is": {
            "version": "1.6.16",
            "resolved": "https://registry.npmjs.org/type-is/-/type-is-1.6.16.tgz",
            "integrity": "sha1-+JzjQVQcZysl7nrjxz3uOyvlAZQ=",
            "requires": {
                "media-typer": "0.3.0",
                "mime-types": "~2.1.18"
            }
        },
        "typedarray": {
            "version": "0.0.6",
            "resolved": "https://registry.npmjs.org/typedarray/-/typedarray-0.0.6.tgz",
            "integrity": "sha1-hnrHTjhkGHsdPUfZlqeOxciDB3c="
        },
        "unpipe": {
            "version": "1.0.0",
            "resolved": "https://registry.npmjs.org/unpipe/-/unpipe-1.0.0.tgz",
            "integrity": "sha1-sr9O6FFKrmFltIF4KdIbLvSZBOw="
        },
        "util-deprecate": {
            "version": "1.0.2",
            "resolved": "https://registry.npmjs.org/util-deprecate/-/util-deprecate-1.0.2.tgz",
            "integrity": "sha1-RQ1Nyfpw3nMnYvvS1KKJgUGaDM8="
        },
        "utils-merge": {
            "version": "1.0.1",
            "resolved": "https://registry.npmjs.org/utils-merge/-/utils-merge-1.0.1.tgz",
            "integrity": "sha1-n5VxD1CiZ5R7LMwSR0HBAoQn5xM="
        },
        "uuid": {
            "version": "3.3.2",
            "resolved": "https://registry.npmjs.org/uuid/-/uuid-3.3.2.tgz",
            "integrity": "sha1-G0r0lV6zB3xQHCOHL8ZROBFYcTE="
        },
        "vary": {
            "version": "1.1.2",
            "resolved": "https://registry.npmjs.org/vary/-/vary-1.1.2.tgz",
            "integrity": "sha1-IpnwLG3tMNSllhsLn3RSShj2NPw="
        },
        "which-pm-runs": {
            "version": "1.0.0",
            "resolved": "https://registry.npmjs.org/which-pm-runs/-/which-pm-runs-1.0.0.tgz",
            "integrity": "sha1-Zws6+8VS4LVd9rd4DKdGFfI60cs="
        },
        "wide-align": {
            "version": "1.1.3",
            "resolved": "https://registry.npmjs.org/wide-align/-/wide-align-1.1.3.tgz",
            "integrity": "sha1-rgdOa9wMFKQx6ATmJFScYzsABFc=",
            "requires": {
                "string-width": "^1.0.2 || 2"
            }
        },
        "wrappy": {
            "version": "1.0.2",
            "resolved": "https://registry.npmjs.org/wrappy/-/wrappy-1.0.2.tgz",
            "integrity": "sha1-tSQ9jz7BqjXxNkYFvA0QNuMKtp8="
        },
        "xtend": {
            "version": "4.0.1",
            "resolved": "https://registry.npmjs.org/xtend/-/xtend-4.0.1.tgz",
            "integrity": "sha1-pcbVMr5lbiPbgg77lDofBJmNY68="
        },
        "zeromq": {
            "version": "5.1.0",
            "resolved": "https://registry.npmjs.org/zeromq/-/zeromq-5.1.0.tgz",
            "integrity": "sha1-6WUI+Lq+hRweoHwO3O3453FZR/Y=",
            "requires": {
                "nan": "^2.10.0",
                "prebuild-install": "5.2.1"
            }
        }
    }
}
